<?xml version="1.0" encoding="utf-8"?>
<Project ToolsVersion="4.0" xmlns="http://schemas.microsoft.com/developer/msbuild/2003">
  <ItemGroup>
    <ClCompile Include="main.cpp" />
    <ClCompile Include="time\time_monitor.cpp">
      <Filter>time</Filter>
    </ClCompile>
  </ItemGroup>
  <ItemGroup>
    <Filter Include="time">
      <UniqueIdentifier>{1e67fc65-73df-48ff-8ea0-8b37cce41eda}</UniqueIdentifier>
    </Filter>
    <Filter Include="memory">
      <UniqueIdentifier>{0b51baa8-fe0e-44d2-938f-50e6e3d9b3f1}</UniqueIdentifier>
    </Filter>
  </ItemGroup>
  <ItemGroup>
    <ClInclude Include="include\time_monitor.h">
      <Filter>time</Filter>
    </ClInclude>
  </ItemGroup>
</Project>